
Microsoft Visual Studio Solution File, Format Version 12.00
# Visual Studio Version 17
VisualStudioVersion = 17.5.33516.290
MinimumVisualStudioVersion = 10.0.40219.1
Project("{9A19103F-16F7-4668-BE54-9A1E7A4F7556}") = "OpenDev.Api", "OpenDev.Api\OpenDev.Api.csproj", "{2828F36E-1AF9-4009-9831-5E3D5E25B077}"
EndProject
Project("{9A19103F-16F7-4668-BE54-9A1E7A4F7556}") = "OpenDev.App", "OpenDev.App\OpenDev.App.csproj", "{EB827864-37D1-4FCC-B8E9-6D74BBED0204}"
EndProject
Project("{9A19103F-16F7-4668-BE54-9A1E7A4F7556}") = "OpenDev.Studio.Api", "OpenDev.Studio.Api\OpenDev.Studio.Api.csproj", "{5075F8F4-4AAD-4E3A-80AF-592602FEE9F7}"
EndProject
Project("{9A19103F-16F7-4668-BE54-9A1E7A4F7556}") = "OpenDev.Studio", "OpenDev.Studio\OpenDev.Studio.csproj", "{587D3E82-45F9-4E80-A7EE-88A176EB0397}"
EndProject
Project("{9A19103F-16F7-4668-BE54-9A1E7A4F7556}") = "OpenDev.Common", "OpenDev.Common\OpenDev.Common.csproj", "{22D7FC79-C93D-45C4-81A6-DC101D67D22E}"
EndProject
Project("{9A19103F-16F7-4668-BE54-9A1E7A4F7556}") = "OpenDev.Core", "OpenDev.Core\OpenDev.Core.csproj", "{32FD7CB1-D56D-4205-9F40-4EE563C5E044}"
EndProject
Project("{9A19103F-16F7-4668-BE54-9A1E7A4F7556}") = "OpenDev.Data", "OpenDev.Data\OpenDev.Data.csproj", "{28A874E8-C3A3-41EA-8FB9-23D5F70E586C}"
EndProject
Project("{2150E333-8FDC-42A3-9474-1A3956D46DE8}") = "4_Presentation", "4_Presentation", "{778E92F2-FB6A-4D69-B1E8-D2322A65BB08}"
EndProject
Project("{2150E333-8FDC-42A3-9474-1A3956D46DE8}") = "3_API", "3_API", "{B6B3AA33-1709-4E51-88C4-F047DAD6871E}"
EndProject
Project("{2150E333-8FDC-42A3-9474-1A3956D46DE8}") = "2_Core", "2_Core", "{F8CA1744-D4CC-4879-A811-41F0A0A68C23}"
EndProject
Global
	GlobalSection(SolutionConfigurationPlatforms) = preSolution
		Debug|Any CPU = Debug|Any CPU
		Release|Any CPU = Release|Any CPU
	EndGlobalSection
	GlobalSection(ProjectConfigurationPlatforms) = postSolution
		{2828F36E-1AF9-4009-9831-5E3D5E25B077}.Debug|Any CPU.ActiveCfg = Debug|Any CPU
		{2828F36E-1AF9-4009-9831-5E3D5E25B077}.Debug|Any CPU.Build.0 = Debug|Any CPU
		{2828F36E-1AF9-4009-9831-5E3D5E25B077}.Release|Any CPU.ActiveCfg = Release|Any CPU
		{2828F36E-1AF9-4009-9831-5E3D5E25B077}.Release|Any CPU.Build.0 = Release|Any CPU
		{EB827864-37D1-4FCC-B8E9-6D74BBED0204}.Debug|Any CPU.ActiveCfg = Debug|Any CPU
		{EB827864-37D1-4FCC-B8E9-6D74BBED0204}.Debug|Any CPU.Build.0 = Debug|Any CPU
		{EB827864-37D1-4FCC-B8E9-6D74BBED0204}.Release|Any CPU.ActiveCfg = Release|Any CPU
		{EB827864-37D1-4FCC-B8E9-6D74BBED0204}.Release|Any CPU.Build.0 = Release|Any CPU
		{5075F8F4-4AAD-4E3A-80AF-592602FEE9F7}.Debug|Any CPU.ActiveCfg = Debug|Any CPU
		{5075F8F4-4AAD-4E3A-80AF-592602FEE9F7}.Debug|Any CPU.Build.0 = Debug|Any CPU
		{5075F8F4-4AAD-4E3A-80AF-592602FEE9F7}.Release|Any CPU.ActiveCfg = Release|Any CPU
		{5075F8F4-4AAD-4E3A-80AF-592602FEE9F7}.Release|Any CPU.Build.0 = Release|Any CPU
		{587D3E82-45F9-4E80-A7EE-88A176EB0397}.Debug|Any CPU.ActiveCfg = Debug|Any CPU
		{587D3E82-45F9-4E80-A7EE-88A176EB0397}.Debug|Any CPU.Build.0 = Debug|Any CPU
		{587D3E82-45F9-4E80-A7EE-88A176EB0397}.Release|Any CPU.ActiveCfg = Release|Any CPU
		{587D3E82-45F9-4E80-A7EE-88A176EB0397}.Release|Any CPU.Build.0 = Release|Any CPU
		{22D7FC79-C93D-45C4-81A6-DC101D67D22E}.Debug|Any CPU.ActiveCfg = Debug|Any CPU
		{22D7FC79-C93D-45C4-81A6-DC101D67D22E}.Debug|Any CPU.Build.0 = Debug|Any CPU
		{22D7FC79-C93D-45C4-81A6-DC101D67D22E}.Release|Any CPU.ActiveCfg = Release|Any CPU
		{22D7FC79-C93D-45C4-81A6-DC101D67D22E}.Release|Any CPU.Build.0 = Release|Any CPU
		{32FD7CB1-D56D-4205-9F40-4EE563C5E044}.Debug|Any CPU.ActiveCfg = Debug|Any CPU
		{32FD7CB1-D56D-4205-9F40-4EE563C5E044}.Debug|Any CPU.Build.0 = Debug|Any CPU
		{32FD7CB1-D56D-4205-9F40-4EE563C5E044}.Release|Any CPU.ActiveCfg = Release|Any CPU
		{32FD7CB1-D56D-4205-9F40-4EE563C5E044}.Release|Any CPU.Build.0 = Release|Any CPU
		{28A874E8-C3A3-41EA-8FB9-23D5F70E586C}.Debug|Any CPU.ActiveCfg = Debug|Any CPU
		{28A874E8-C3A3-41EA-8FB9-23D5F70E586C}.Debug|Any CPU.Build.0 = Debug|Any CPU
		{28A874E8-C3A3-41EA-8FB9-23D5F70E586C}.Release|Any CPU.ActiveCfg = Release|Any CPU
		{28A874E8-C3A3-41EA-8FB9-23D5F70E586C}.Release|Any CPU.Build.0 = Release|Any CPU
	EndGlobalSection
	GlobalSection(SolutionProperties) = preSolution
		HideSolutionNode = FALSE
	EndGlobalSection
	GlobalSection(NestedProjects) = preSolution
		{2828F36E-1AF9-4009-9831-5E3D5E25B077} = {B6B3AA33-1709-4E51-88C4-F047DAD6871E}
		{EB827864-37D1-4FCC-B8E9-6D74BBED0204} = {778E92F2-FB6A-4D69-B1E8-D2322A65BB08}
		{5075F8F4-4AAD-4E3A-80AF-592602FEE9F7} = {B6B3AA33-1709-4E51-88C4-F047DAD6871E}
		{587D3E82-45F9-4E80-A7EE-88A176EB0397} = {778E92F2-FB6A-4D69-B1E8-D2322A65BB08}
		{22D7FC79-C93D-45C4-81A6-DC101D67D22E} = {F8CA1744-D4CC-4879-A811-41F0A0A68C23}
		{32FD7CB1-D56D-4205-9F40-4EE563C5E044} = {F8CA1744-D4CC-4879-A811-41F0A0A68C23}
		{28A874E8-C3A3-41EA-8FB9-23D5F70E586C} = {F8CA1744-D4CC-4879-A811-41F0A0A68C23}
	EndGlobalSection
	GlobalSection(ExtensibilityGlobals) = postSolution
		SolutionGuid = {A77B2717-10BB-429D-BC06-C42F14D71588}
	EndGlobalSection
EndGlobal
